
Microsoft Visual Studio Solution File, Format Version 12.00
# Visual Studio Version 17
VisualStudioVersion = 17.4.33213.308
MinimumVisualStudioVersion = 10.0.40219.1
Project("{FAE04EC0-301F-11D3-BF4B-00C04F79EFBC}") = "RabbitMQSender", "RabbitMQSender\RabbitMQSender.csproj", "{6B94D825-A3BE-4C1D-93C9-4E533FE2AB88}"
EndProject
Project("{FAE04EC0-301F-11D3-BF4B-00C04F79EFBC}") = "RabbitMQReceiver", "RabbitMQReceiver\RabbitMQReceiver.csproj", "{98AAB5B3-DCE2-46D2-984A-2FC7FDA1075B}"
EndProject
Global
	GlobalSection(SolutionConfigurationPlatforms) = preSolution
		Debug|Any CPU = Debug|Any CPU
		Release|Any CPU = Release|Any CPU
	EndGlobalSection
	GlobalSection(ProjectConfigurationPlatforms) = postSolution
		{6B94D825-A3BE-4C1D-93C9-4E533FE2AB88}.Debug|Any CPU.ActiveCfg = Debug|Any CPU
		{6B94D825-A3BE-4C1D-93C9-4E533FE2AB88}.Debug|Any CPU.Build.0 = Debug|Any CPU
		{6B94D825-A3BE-4C1D-93C9-4E533FE2AB88}.Release|Any CPU.ActiveCfg = Release|Any CPU
		{6B94D825-A3BE-4C1D-93C9-4E533FE2AB88}.Release|Any CPU.Build.0 = Release|Any CPU
		{98AAB5B3-DCE2-46D2-984A-2FC7FDA1075B}.Debug|Any CPU.ActiveCfg = Debug|Any CPU
		{98AAB5B3-DCE2-46D2-984A-2FC7FDA1075B}.Debug|Any CPU.Build.0 = Debug|Any CPU
		{98AAB5B3-DCE2-46D2-984A-2FC7FDA1075B}.Release|Any CPU.ActiveCfg = Release|Any CPU
		{98AAB5B3-DCE2-46D2-984A-2FC7FDA1075B}.Release|Any CPU.Build.0 = Release|Any CPU
	EndGlobalSection
	GlobalSection(SolutionProperties) = preSolution
		HideSolutionNode = FALSE
	EndGlobalSection
	GlobalSection(ExtensibilityGlobals) = postSolution
		SolutionGuid = {E09F7BBD-AECA-45B0-90CB-F8F7D3414D33}
	EndGlobalSection
EndGlobal
